
Microsoft Visual Studio Solution File, Format Version 12.00
Project("{FAE04EC0-301F-11D3-BF4B-00C04F79EFBC}") = "TradingApp.Web", "TradingApp.Web\TradingApp.Web.csproj", "{4B1752CE-4562-4A40-BA71-4D1177A4C80D}"
EndProject
Project("{FAE04EC0-301F-11D3-BF4B-00C04F79EFBC}") = "TradingApp.Domain", "TradingApp.Domain\TradingApp.Domain.csproj", "{03A996B0-5142-4D27-9CD4-04243A6B5288}"
EndProject
Project("{FAE04EC0-301F-11D3-BF4B-00C04F79EFBC}") = "TradingApp.Data", "TradingApp.Data\TradingApp.Data.csproj", "{E016B09B-796E-4A52-802F-AA95417A02E5}"
EndProject
Project("{FAE04EC0-301F-11D3-BF4B-00C04F79EFBC}") = "TradingApp.Core", "TradingApp.Core\TradingApp.Core.csproj", "{FCA5E12A-80C8-4235-9687-C7AC8C6B9605}"
EndProject
Global
	GlobalSection(SolutionConfigurationPlatforms) = preSolution
		Debug|Any CPU = Debug|Any CPU
		Release|Any CPU = Release|Any CPU
	EndGlobalSection
	GlobalSection(ProjectConfigurationPlatforms) = postSolution
		{4B1752CE-4562-4A40-BA71-4D1177A4C80D}.Debug|Any CPU.ActiveCfg = Debug|Any CPU
		{4B1752CE-4562-4A40-BA71-4D1177A4C80D}.Debug|Any CPU.Build.0 = Debug|Any CPU
		{4B1752CE-4562-4A40-BA71-4D1177A4C80D}.Release|Any CPU.ActiveCfg = Release|Any CPU
		{4B1752CE-4562-4A40-BA71-4D1177A4C80D}.Release|Any CPU.Build.0 = Release|Any CPU
		{03A996B0-5142-4D27-9CD4-04243A6B5288}.Debug|Any CPU.ActiveCfg = Debug|Any CPU
		{03A996B0-5142-4D27-9CD4-04243A6B5288}.Debug|Any CPU.Build.0 = Debug|Any CPU
		{03A996B0-5142-4D27-9CD4-04243A6B5288}.Release|Any CPU.ActiveCfg = Release|Any CPU
		{03A996B0-5142-4D27-9CD4-04243A6B5288}.Release|Any CPU.Build.0 = Release|Any CPU
		{E016B09B-796E-4A52-802F-AA95417A02E5}.Debug|Any CPU.ActiveCfg = Debug|Any CPU
		{E016B09B-796E-4A52-802F-AA95417A02E5}.Debug|Any CPU.Build.0 = Debug|Any CPU
		{E016B09B-796E-4A52-802F-AA95417A02E5}.Release|Any CPU.ActiveCfg = Release|Any CPU
		{E016B09B-796E-4A52-802F-AA95417A02E5}.Release|Any CPU.Build.0 = Release|Any CPU
		{FCA5E12A-80C8-4235-9687-C7AC8C6B9605}.Debug|Any CPU.ActiveCfg = Debug|Any CPU
		{FCA5E12A-80C8-4235-9687-C7AC8C6B9605}.Debug|Any CPU.Build.0 = Debug|Any CPU
		{FCA5E12A-80C8-4235-9687-C7AC8C6B9605}.Release|Any CPU.ActiveCfg = Release|Any CPU
		{FCA5E12A-80C8-4235-9687-C7AC8C6B9605}.Release|Any CPU.Build.0 = Release|Any CPU
	EndGlobalSection
EndGlobal
